// !$*UTF8*$!
{
	archiveVersion = 1;
	classes = {
	};
	objectVersion = 56;
	objects = {

/* Begin PBXBuildFile section */
		02C9185929B0F15900E920D3 /* Artists+CoreDataClass.swift in Sources */ = {isa = PBXBuildFile; fileRef = 02C9185329AFC12E00E920D3 /* Artists+CoreDataClass.swift */; };
		02C9185A29B0F15D00E920D3 /* Artists+CoreDataProperties.swift in Sources */ = {isa = PBXBuildFile; fileRef = 02C9185429AFC12E00E920D3 /* Artists+CoreDataProperties.swift */; };
		02C9185B29B0F16E00E920D3 /* ArtistsList.xcdatamodeld in Sources */ = {isa = PBXBuildFile; fileRef = 02C9185029AFBFE800E920D3 /* ArtistsList.xcdatamodeld */; };
		02F3F26029AD07AA003B758F /* AppDelegate.swift in Sources */ = {isa = PBXBuildFile; fileRef = 02F3F25F29AD07AA003B758F /* AppDelegate.swift */; };
		02F3F26229AD07AA003B758F /* SceneDelegate.swift in Sources */ = {isa = PBXBuildFile; fileRef = 02F3F26129AD07AA003B758F /* SceneDelegate.swift */; };
		02F3F26429AD07AA003B758F /* ViewController.swift in Sources */ = {isa = PBXBuildFile; fileRef = 02F3F26329AD07AA003B758F /* ViewController.swift */; };
		02F3F26729AD07AA003B758F /* Main.storyboard in Resources */ = {isa = PBXBuildFile; fileRef = 02F3F26529AD07AA003B758F /* Main.storyboard */; };
		02F3F26929AD07AD003B758F /* Assets.xcassets in Resources */ = {isa = PBXBuildFile; fileRef = 02F3F26829AD07AD003B758F /* Assets.xcassets */; };
		02F3F26C29AD07AD003B758F /* LaunchScreen.storyboard in Resources */ = {isa = PBXBuildFile; fileRef = 02F3F26A29AD07AD003B758F /* LaunchScreen.storyboard */; };
		02F3F27429AD09B8003B758F /* AddEditArtistViewController.swift in Sources */ = {isa = PBXBuildFile; fileRef = 02F3F27329AD09B8003B758F /* AddEditArtistViewController.swift */; };
		02F3F27729AD0A25003B758F /* SnapKit in Frameworks */ = {isa = PBXBuildFile; productRef = 02F3F27629AD0A25003B758F /* SnapKit */; };
/* End PBXBuildFile section */

/* Begin PBXFileReference section */
		02C9185129AFBFE800E920D3 /* ArtistsList.xcdatamodel */ = {isa = PBXFileReference; lastKnownFileType = wrapper.xcdatamodel; path = ArtistsList.xcdatamodel; sourceTree = "<group>"; };
		02C9185329AFC12E00E920D3 /* Artists+CoreDataClass.swift */ = {isa = PBXFileReference; lastKnownFileType = sourcecode.swift; path = "Artists+CoreDataClass.swift"; sourceTree = SOURCE_ROOT; };
		02C9185429AFC12E00E920D3 /* Artists+CoreDataProperties.swift */ = {isa = PBXFileReference; lastKnownFileType = sourcecode.swift; path = "Artists+CoreDataProperties.swift"; sourceTree = SOURCE_ROOT; };
		02F3F25C29AD07AA003B758F /* m19.app */ = {isa = PBXFileReference; explicitFileType = wrapper.application; includeInIndex = 0; path = m19.app; sourceTree = BUILT_PRODUCTS_DIR; };
		02F3F25F29AD07AA003B758F /* AppDelegate.swift */ = {isa = PBXFileReference; lastKnownFileType = sourcecode.swift; path = AppDelegate.swift; sourceTree = "<group>"; };
		02F3F26129AD07AA003B758F /* SceneDelegate.swift */ = {isa = PBXFileReference; lastKnownFileType = sourcecode.swift; path = SceneDelegate.swift; sourceTree = "<group>"; };
		02F3F26329AD07AA003B758F /* ViewController.swift */ = {isa = PBXFileReference; lastKnownFileType = sourcecode.swift; path = ViewController.swift; sourceTree = "<group>"; };
		02F3F26629AD07AA003B758F /* Base */ = {isa = PBXFileReference; lastKnownFileType = file.storyboard; name = Base; path = Base.lproj/Main.storyboard; sourceTree = "<group>"; };
		02F3F26829AD07AD003B758F /* Assets.xcassets */ = {isa = PBXFileReference; lastKnownFileType = folder.assetcatalog; path = Assets.xcassets; sourceTree = "<group>"; };
		02F3F26B29AD07AD003B758F /* Base */ = {isa = PBXFileReference; lastKnownFileType = file.storyboard; name = Base; path = Base.lproj/LaunchScreen.storyboard; sourceTree = "<group>"; };
		02F3F26D29AD07AD003B758F /* Info.plist */ = {isa = PBXFileReference; lastKnownFileType = text.plist.xml; path = Info.plist; sourceTree = "<group>"; };
		02F3F27329AD09B8003B758F /* AddEditArtistViewController.swift */ = {isa = PBXFileReference; lastKnownFileType = sourcecode.swift; path = AddEditArtistViewController.swift; sourceTree = "<group>"; };
/* End PBXFileReference section */

/* Begin PBXFrameworksBuildPhase section */
		02F3F25929AD07AA003B758F /* Frameworks */ = {
			isa = PBXFrameworksBuildPhase;
			buildActionMask = 2147483647;
			files = (
				02F3F27729AD0A25003B758F /* SnapKit in Frameworks */,
			);
			runOnlyForDeploymentPostprocessing = 0;
		};
/* End PBXFrameworksBuildPhase section */

/* Begin PBXGroup section */
		02C9184F29AF909E00E920D3 /* Model */ = {
			isa = PBXGroup;
			children = (
				02C9185329AFC12E00E920D3 /* Artists+CoreDataClass.swift */,
				02C9185429AFC12E00E920D3 /* Artists+CoreDataProperties.swift */,
			);
			path = Model;
			sourceTree = "<group>";
		};
		02F3F25329AD07AA003B758F = {
			isa = PBXGroup;
			children = (
				02F3F25E29AD07AA003B758F /* m19 */,
				02F3F25D29AD07AA003B758F /* Products */,
			);
			sourceTree = "<group>";
		};
		02F3F25D29AD07AA003B758F /* Products */ = {
			isa = PBXGroup;
			children = (
				02F3F25C29AD07AA003B758F /* m19.app */,
			);
			name = Products;
			sourceTree = "<group>";
		};
		02F3F25E29AD07AA003B758F /* m19 */ = {
			isa = PBXGroup;
			children = (
				02F3F25F29AD07AA003B758F /* AppDelegate.swift */,
				02F3F26129AD07AA003B758F /* SceneDelegate.swift */,
				02C9184F29AF909E00E920D3 /* Model */,
				02F3F26329AD07AA003B758F /* ViewController.swift */,
				02F3F27329AD09B8003B758F /* AddEditArtistViewController.swift */,
				02F3F26529AD07AA003B758F /* Main.storyboard */,
				02F3F26829AD07AD003B758F /* Assets.xcassets */,
				02F3F26A29AD07AD003B758F /* LaunchScreen.storyboard */,
				02F3F26D29AD07AD003B758F /* Info.plist */,
				02C9185029AFBFE800E920D3 /* ArtistsList.xcdatamodeld */,
			);
			path = m19;
			sourceTree = "<group>";
		};
/* End PBXGroup section */

/* Begin PBXNativeTarget section */
		02F3F25B29AD07AA003B758F /* m19 */ = {
			isa = PBXNativeTarget;
			buildConfigurationList = 02F3F27029AD07AD003B758F /* Build configuration list for PBXNativeTarget "m19" */;
			buildPhases = (
				02F3F25829AD07AA003B758F /* Sources */,
				02F3F25929AD07AA003B758F /* Frameworks */,
				02F3F25A29AD07AA003B758F /* Resources */,
			);
			buildRules = (
			);
			dependencies = (
			);
			name = m19;
			packageProductDependencies = (
				02F3F27629AD0A25003B758F /* SnapKit */,
			);
			productName = m19;
			productReference = 02F3F25C29AD07AA003B758F /* m19.app */;
			productType = "com.apple.product-type.application";
		};
/* End PBXNativeTarget section */

/* Begin PBXProject section */
		02F3F25429AD07AA003B758F /* Project object */ = {
			isa = PBXProject;
			attributes = {
				BuildIndependentTargetsInParallel = 1;
				LastSwiftUpdateCheck = 1420;
				LastUpgradeCheck = 1420;
				TargetAttributes = {
					02F3F25B29AD07AA003B758F = {
						CreatedOnToolsVersion = 14.2;
					};
				};
			};
			buildConfigurationList = 02F3F25729AD07AA003B758F /* Build configuration list for PBXProject "m19" */;
			compatibilityVersion = "Xcode 14.0";
			developmentRegion = en;
			hasScannedForEncodings = 0;
			knownRegions = (
				en,
				Base,
			);
			mainGroup = 02F3F25329AD07AA003B758F;
			packageReferences = (
				02F3F27529AD0A25003B758F /* XCRemoteSwiftPackageReference "SnapKit" */,
			);
			productRefGroup = 02F3F25D29AD07AA003B758F /* Products */;
			projectDirPath = "";
			projectRoot = "";
			targets = (
				02F3F25B29AD07AA003B758F /* m19 */,
			);
		};
/* End PBXProject section */

/* Begin PBXResourcesBuildPhase section */
		02F3F25A29AD07AA003B758F /* Resources */ = {
			isa = PBXResourcesBuildPhase;
			buildActionMask = 2147483647;
			files = (
				02F3F26C29AD07AD003B758F /* LaunchScreen.storyboard in Resources */,
				02F3F26929AD07AD003B758F /* Assets.xcassets in Resources */,
				02F3F26729AD07AA003B758F /* Main.storyboard in Resources */,
			);
			runOnlyForDeploymentPostprocessing = 0;
		};
/* End PBXResourcesBuildPhase section */

/* Begin PBXSourcesBuildPhase section */
		02F3F25829AD07AA003B758F /* Sources */ = {
			isa = PBXSourcesBuildPhase;
			buildActionMask = 2147483647;
			files = (
				02F3F26429AD07AA003B758F /* ViewController.swift in Sources */,
				02F3F26029AD07AA003B758F /* AppDelegate.swift in Sources */,
				02F3F26229AD07AA003B758F /* SceneDelegate.swift in Sources */,
				02C9185B29B0F16E00E920D3 /* ArtistsList.xcdatamodeld in Sources */,
				02C9185929B0F15900E920D3 /* Artists+CoreDataClass.swift in Sources */,
				02F3F27429AD09B8003B758F /* AddEditArtistViewController.swift in Sources */,
				02C9185A29B0F15D00E920D3 /* Artists+CoreDataProperties.swift in Sources */,
			);
			runOnlyForDeploymentPostprocessing = 0;
		};
/* End PBXSourcesBuildPhase section */

/* Begin PBXVariantGroup section */
		02F3F26529AD07AA003B758F /* Main.storyboard */ = {
			isa = PBXVariantGroup;
			children = (
				02F3F26629AD07AA003B758F /* Base */,
			);
			name = Main.storyboard;
			sourceTree = "<group>";
		};
		02F3F26A29AD07AD003B758F /* LaunchScreen.storyboard */ = {
			isa = PBXVariantGroup;
			children = (
				02F3F26B29AD07AD003B758F /* Base */,
			);
			name = LaunchScreen.storyboard;
			sourceTree = "<group>";
		};
/* End PBXVariantGroup section */

/* Begin XCBuildConfiguration section */
		02F3F26E29AD07AD003B758F /* Debug */ = {
			isa = XCBuildConfiguration;
			buildSettings = {
				ALWAYS_SEARCH_USER_PATHS = NO;
				CLANG_ANALYZER_NONNULL = YES;
				CLANG_ANALYZER_NUMBER_OBJECT_CONVERSION = YES_AGGRESSIVE;
				CLANG_CXX_LANGUAGE_STANDARD = "gnu++20";
				CLANG_ENABLE_MODULES = YES;
				CLANG_ENABLE_OBJC_ARC = YES;
				CLANG_ENABLE_OBJC_WEAK = YES;
				CLANG_WARN_BLOCK_CAPTURE_AUTORELEASING = YES;
				CLANG_WARN_BOOL_CONVERSION = YES;
				CLANG_WARN_COMMA = YES;
				CLANG_WARN_CONSTANT_CONVERSION = YES;
				CLANG_WARN_DEPRECATED_OBJC_IMPLEMENTATIONS = YES;
				CLANG_WARN_DIRECT_OBJC_ISA_USAGE = YES_ERROR;
				CLANG_WARN_DOCUMENTATION_COMMENTS = YES;
				CLANG_WARN_EMPTY_BODY = YES;
				CLANG_WARN_ENUM_CONVERSION = YES;
				CLANG_WARN_INFINITE_RECURSION = YES;
				CLANG_WARN_INT_CONVERSION = YES;
				CLANG_WARN_NON_LITERAL_NULL_CONVERSION = YES;
				CLANG_WARN_OBJC_IMPLICIT_RETAIN_SELF = YES;
				CLANG_WARN_OBJC_LITERAL_CONVERSION = YES;
				CLANG_WARN_OBJC_ROOT_CLASS = YES_ERROR;
				CLANG_WARN_QUOTED_INCLUDE_IN_FRAMEWORK_HEADER = YES;
				CLANG_WARN_RANGE_LOOP_ANALYSIS = YES;
				CLANG_WARN_STRICT_PROTOTYPES = YES;
				CLANG_WARN_SUSPICIOUS_MOVE = YES;
				CLANG_WARN_UNGUARDED_AVAILABILITY = YES_AGGRESSIVE;
				CLANG_WARN_UNREACHABLE_CODE = YES;
				CLANG_WARN__DUPLICATE_METHOD_MATCH = YES;
				COPY_PHASE_STRIP = NO;
				DEBUG_INFORMATION_FORMAT = dwarf;
				ENABLE_STRICT_OBJC_MSGSEND = YES;
				ENABLE_TESTABILITY = YES;
				GCC_C_LANGUAGE_STANDARD = gnu11;
				GCC_DYNAMIC_NO_PIC = NO;
				GCC_NO_COMMON_BLOCKS = YES;
				GCC_OPTIMIZATION_LEVEL = 0;
				GCC_PREPROCESSOR_DEFINITIONS = (
					"DEBUG=1",
					"$(inherited)",
				);
				GCC_WARN_64_TO_32_BIT_CONVERSION = YES;
				GCC_WARN_ABOUT_RETURN_TYPE = YES_ERROR;
				GCC_WARN_UNDECLARED_SELECTOR = YES;
				GCC_WARN_UNINITIALIZED_AUTOS = YES_AGGRESSIVE;
				GCC_WARN_UNUSED_FUNCTION = YES;
				GCC_WARN_UNUSED_VARIABLE = YES;
				IPHONEOS_DEPLOYMENT_TARGET = 16.2;
				MTL_ENABLE_DEBUG_INFO = INCLUDE_SOURCE;
				MTL_FAST_MATH = YES;
				ONLY_ACTIVE_ARCH = YES;
				SDKROOT = iphoneos;
				SWIFT_ACTIVE_COMPILATION_CONDITIONS = DEBUG;
				SWIFT_OPTIMIZATION_LEVEL = "-Onone";
			};
			name = Debug;
		};
		02F3F26F29AD07AD003B758F /* Release */ = {
			isa = XCBuildConfiguration;
			buildSettings = {
				ALWAYS_SEARCH_USER_PATHS = NO;
				CLANG_ANALYZER_NONNULL = YES;
				CLANG_ANALYZER_NUMBER_OBJECT_CONVERSION = YES_AGGRESSIVE;
				CLANG_CXX_LANGUAGE_STANDARD = "gnu++20";
				CLANG_ENABLE_MODULES = YES;
				CLANG_ENABLE_OBJC_ARC = YES;
				CLANG_ENABLE_OBJC_WEAK = YES;
				CLANG_WARN_BLOCK_CAPTURE_AUTORELEASING = YES;
				CLANG_WARN_BOOL_CONVERSION = YES;
				CLANG_WARN_COMMA = YES;
				CLANG_WARN_CONSTANT_CONVERSION = YES;
				CLANG_WARN_DEPRECATED_OBJC_IMPLEMENTATIONS = YES;
				CLANG_WARN_DIRECT_OBJC_ISA_USAGE = YES_ERROR;
				CLANG_WARN_DOCUMENTATION_COMMENTS = YES;
				CLANG_WARN_EMPTY_BODY = YES;
				CLANG_WARN_ENUM_CONVERSION = YES;
				CLANG_WARN_INFINITE_RECURSION = YES;
				CLANG_WARN_INT_CONVERSION = YES;
				CLANG_WARN_NON_LITERAL_NULL_CONVERSION = YES;
				CLANG_WARN_OBJC_IMPLICIT_RETAIN_SELF = YES;
				CLANG_WARN_OBJC_LITERAL_CONVERSION = YES;
				CLANG_WARN_OBJC_ROOT_CLASS = YES_ERROR;
				CLANG_WARN_QUOTED_INCLUDE_IN_FRAMEWORK_HEADER = YES;
				CLANG_WARN_RANGE_LOOP_ANALYSIS = YES;
				CLANG_WARN_STRICT_PROTOTYPES = YES;
				CLANG_WARN_SUSPICIOUS_MOVE = YES;
				CLANG_WARN_UNGUARDED_AVAILABILITY = YES_AGGRESSIVE;
				CLANG_WARN_UNREACHABLE_CODE = YES;
				CLANG_WARN__DUPLICATE_METHOD_MATCH = YES;
				COPY_PHASE_STRIP = NO;
				DEBUG_INFORMATION_FORMAT = "dwarf-with-dsym";
				ENABLE_NS_ASSERTIONS = NO;
				ENABLE_STRICT_OBJC_MSGSEND = YES;
				GCC_C_LANGUAGE_STANDARD = gnu11;
				GCC_NO_COMMON_BLOCKS = YES;
				GCC_WARN_64_TO_32_BIT_CONVERSION = YES;
				GCC_WARN_ABOUT_RETURN_TYPE = YES_ERROR;
				GCC_WARN_UNDECLARED_SELECTOR = YES;
				GCC_WARN_UNINITIALIZED_AUTOS = YES_AGGRESSIVE;
				GCC_WARN_UNUSED_FUNCTION = YES;
				GCC_WARN_UNUSED_VARIABLE = YES;
				IPHONEOS_DEPLOYMENT_TARGET = 16.2;
				MTL_ENABLE_DEBUG_INFO = NO;
				MTL_FAST_MATH = YES;
				SDKROOT = iphoneos;
				SWIFT_COMPILATION_MODE = wholemodule;
				SWIFT_OPTIMIZATION_LEVEL = "-O";
				VALIDATE_PRODUCT = YES;
			};
			name = Release;
		};
		02F3F27129AD07AD003B758F /* Debug */ = {
			isa = XCBuildConfiguration;
			buildSettings = {
				ASSETCATALOG_COMPILER_APPICON_NAME = AppIcon;
				ASSETCATALOG_COMPILER_GLOBAL_ACCENT_COLOR_NAME = AccentColor;
				CODE_SIGN_STYLE = Automatic;
				CURRENT_PROJECT_VERSION = 1;
				DEVELOPMENT_TEAM = VFMBL3LXSP;
				GENERATE_INFOPLIST_FILE = YES;
				INFOPLIST_FILE = m19/Info.plist;
				INFOPLIST_KEY_UIApplicationSupportsIndirectInputEvents = YES;
				INFOPLIST_KEY_UILaunchStoryboardName = LaunchScreen;
				INFOPLIST_KEY_UIMainStoryboardFile = Main;
				INFOPLIST_KEY_UISupportedInterfaceOrientations = UIInterfaceOrientationPortrait;
				INFOPLIST_KEY_UISupportedInterfaceOrientations_iPad = "UIInterfaceOrientationLandscapeLeft UIInterfaceOrientationLandscapeRight UIInterfaceOrientationPortrait UIInterfaceOrientationPortraitUpsideDown";
				LD_RUNPATH_SEARCH_PATHS = (
					"$(inherited)",
					"@executable_path/Frameworks",
				);
				MARKETING_VERSION = 1.0;
				PRODUCT_BUNDLE_IDENTIFIER = SkillBox.m19;
				PRODUCT_NAME = "$(TARGET_NAME)";
				SWIFT_EMIT_LOC_STRINGS = YES;
				SWIFT_VERSION = 5.0;
				TARGETED_DEVICE_FAMILY = "1,2";
			};
			name = Debug;
		};
		02F3F27229AD07AD003B758F /* Release */ = {
			isa = XCBuildConfiguration;
			buildSettings = {
				ASSETCATALOG_COMPILER_APPICON_NAME = AppIcon;
				ASSETCATALOG_COMPILER_GLOBAL_ACCENT_COLOR_NAME = AccentColor;
				CODE_SIGN_STYLE = Automatic;
				CURRENT_PROJECT_VERSION = 1;
				DEVELOPMENT_TEAM = VFMBL3LXSP;
				GENERATE_INFOPLIST_FILE = YES;
				INFOPLIST_FILE = m19/Info.plist;
				INFOPLIST_KEY_UIApplicationSupportsIndirectInputEvents = YES;
				INFOPLIST_KEY_UILaunchStoryboardName = LaunchScreen;
				INFOPLIST_KEY_UIMainStoryboardFile = Main;
				INFOPLIST_KEY_UISupportedInterfaceOrientations = UIInterfaceOrientationPortrait;
				INFOPLIST_KEY_UISupportedInterfaceOrientations_iPad = "UIInterfaceOrientationLandscapeLeft UIInterfaceOrientationLandscapeRight UIInterfaceOrientationPortrait UIInterfaceOrientationPortraitUpsideDown";
				LD_RUNPATH_SEARCH_PATHS = (
					"$(inherited)",
					"@executable_path/Frameworks",
				);
				MARKETING_VERSION = 1.0;
				PRODUCT_BUNDLE_IDENTIFIER = SkillBox.m19;
				PRODUCT_NAME = "$(TARGET_NAME)";
				SWIFT_EMIT_LOC_STRINGS = YES;
				SWIFT_VERSION = 5.0;
				TARGETED_DEVICE_FAMILY = "1,2";
			};
			name = Release;
		};
/* End XCBuildConfiguration section */

/* Begin XCConfigurationList section */
		02F3F25729AD07AA003B758F /* Build configuration list for PBXProject "m19" */ = {
			isa = XCConfigurationList;
			buildConfigurations = (
				02F3F26E29AD07AD003B758F /* Debug */,
				02F3F26F29AD07AD003B758F /* Release */,
			);
			defaultConfigurationIsVisible = 0;
			defaultConfigurationName = Release;
		};
		02F3F27029AD07AD003B758F /* Build configuration list for PBXNativeTarget "m19" */ = {
			isa = XCConfigurationList;
			buildConfigurations = (
				02F3F27129AD07AD003B758F /* Debug */,
				02F3F27229AD07AD003B758F /* Release */,
			);
			defaultConfigurationIsVisible = 0;
			defaultConfigurationName = Release;
		};
/* End XCConfigurationList section */

/* Begin XCRemoteSwiftPackageReference section */
		02F3F27529AD0A25003B758F /* XCRemoteSwiftPackageReference "SnapKit" */ = {
			isa = XCRemoteSwiftPackageReference;
			repositoryURL = "https://github.com/SnapKit/SnapKit.git";
			requirement = {
				branch = develop;
				kind = branch;
			};
		};
/* End XCRemoteSwiftPackageReference section */

/* Begin XCSwiftPackageProductDependency section */
		02F3F27629AD0A25003B758F /* SnapKit */ = {
			isa = XCSwiftPackageProductDependency;
			package = 02F3F27529AD0A25003B758F /* XCRemoteSwiftPackageReference "SnapKit" */;
			productName = SnapKit;
		};
/* End XCSwiftPackageProductDependency section */

/* Begin XCVersionGroup section */
		02C9185029AFBFE800E920D3 /* ArtistsList.xcdatamodeld */ = {
			isa = XCVersionGroup;
			children = (
				02C9185129AFBFE800E920D3 /* ArtistsList.xcdatamodel */,
			);
			currentVersion = 02C9185129AFBFE800E920D3 /* ArtistsList.xcdatamodel */;
			path = ArtistsList.xcdatamodeld;
			sourceTree = "<group>";
			versionGroupType = wrapper.xcdatamodel;
		};
/* End XCVersionGroup section */
	};
	rootObject = 02F3F25429AD07AA003B758F /* Project object */;
}
