// !$*UTF8*$!
{
	archiveVersion = 1;
	classes = {
	};
	objectVersion = 56;
	objects = {

/* Begin PBXBuildFile section */
		0296D9C329CB576F00EE9B17 /* AppDelegate.swift in Sources */ = {isa = PBXBuildFile; fileRef = 0296D9C229CB576F00EE9B17 /* AppDelegate.swift */; };
		0296D9C529CB576F00EE9B17 /* SceneDelegate.swift in Sources */ = {isa = PBXBuildFile; fileRef = 0296D9C429CB576F00EE9B17 /* SceneDelegate.swift */; };
		0296D9C729CB576F00EE9B17 /* MainViewController.swift in Sources */ = {isa = PBXBuildFile; fileRef = 0296D9C629CB576F00EE9B17 /* MainViewController.swift */; };
		0296D9CA29CB576F00EE9B17 /* Main.storyboard in Resources */ = {isa = PBXBuildFile; fileRef = 0296D9C829CB576F00EE9B17 /* Main.storyboard */; };
		0296D9CC29CB577000EE9B17 /* Assets.xcassets in Resources */ = {isa = PBXBuildFile; fileRef = 0296D9CB29CB577000EE9B17 /* Assets.xcassets */; };
		0296D9CF29CB577000EE9B17 /* LaunchScreen.storyboard in Resources */ = {isa = PBXBuildFile; fileRef = 0296D9CD29CB577000EE9B17 /* LaunchScreen.storyboard */; };
		0296DA0829CB5E6D00EE9B17 /* CustomCell.swift in Sources */ = {isa = PBXBuildFile; fileRef = 0296DA0729CB5E6D00EE9B17 /* CustomCell.swift */; };
		0296DA0A29CB604F00EE9B17 /* NetworkService.swift in Sources */ = {isa = PBXBuildFile; fileRef = 0296DA0929CB604F00EE9B17 /* NetworkService.swift */; };
		0296DA0E29CB60B300EE9B17 /* Tracks.swift in Sources */ = {isa = PBXBuildFile; fileRef = 0296DA0D29CB60B300EE9B17 /* Tracks.swift */; };
		0296DA7E29D4DB4F00EE9B17 /* ModuleBuilder.swift in Sources */ = {isa = PBXBuildFile; fileRef = 0296DA7D29D4DB4F00EE9B17 /* ModuleBuilder.swift */; };
		0296DA8029D4DC7000EE9B17 /* MainPresenter.swift in Sources */ = {isa = PBXBuildFile; fileRef = 0296DA7F29D4DC7000EE9B17 /* MainPresenter.swift */; };
		0296DA8629D4DD3000EE9B17 /* DetailViewController.swift in Sources */ = {isa = PBXBuildFile; fileRef = 0296DA8529D4DD3000EE9B17 /* DetailViewController.swift */; };
		0296DA8829D4DD7200EE9B17 /* DetailPresenter.swift in Sources */ = {isa = PBXBuildFile; fileRef = 0296DA8729D4DD7200EE9B17 /* DetailPresenter.swift */; };
		0296DA9E29D7886A00EE9B17 /* SnapKit in Frameworks */ = {isa = PBXBuildFile; productRef = 0296DA9D29D7886A00EE9B17 /* SnapKit */; };
/* End PBXBuildFile section */

/* Begin PBXFileReference section */
		0296D9BF29CB576F00EE9B17 /* MVP.app */ = {isa = PBXFileReference; explicitFileType = wrapper.application; includeInIndex = 0; path = MVP.app; sourceTree = BUILT_PRODUCTS_DIR; };
		0296D9C229CB576F00EE9B17 /* AppDelegate.swift */ = {isa = PBXFileReference; lastKnownFileType = sourcecode.swift; path = AppDelegate.swift; sourceTree = "<group>"; };
		0296D9C429CB576F00EE9B17 /* SceneDelegate.swift */ = {isa = PBXFileReference; lastKnownFileType = sourcecode.swift; path = SceneDelegate.swift; sourceTree = "<group>"; };
		0296D9C629CB576F00EE9B17 /* MainViewController.swift */ = {isa = PBXFileReference; lastKnownFileType = sourcecode.swift; path = MainViewController.swift; sourceTree = "<group>"; };
		0296D9C929CB576F00EE9B17 /* Base */ = {isa = PBXFileReference; lastKnownFileType = file.storyboard; name = Base; path = Base.lproj/Main.storyboard; sourceTree = "<group>"; };
		0296D9CB29CB577000EE9B17 /* Assets.xcassets */ = {isa = PBXFileReference; lastKnownFileType = folder.assetcatalog; path = Assets.xcassets; sourceTree = "<group>"; };
		0296D9CE29CB577000EE9B17 /* Base */ = {isa = PBXFileReference; lastKnownFileType = file.storyboard; name = Base; path = Base.lproj/LaunchScreen.storyboard; sourceTree = "<group>"; };
		0296D9D029CB577000EE9B17 /* Info.plist */ = {isa = PBXFileReference; lastKnownFileType = text.plist.xml; path = Info.plist; sourceTree = "<group>"; };
		0296DA0729CB5E6D00EE9B17 /* CustomCell.swift */ = {isa = PBXFileReference; lastKnownFileType = sourcecode.swift; path = CustomCell.swift; sourceTree = "<group>"; };
		0296DA0929CB604F00EE9B17 /* NetworkService.swift */ = {isa = PBXFileReference; lastKnownFileType = sourcecode.swift; path = NetworkService.swift; sourceTree = "<group>"; };
		0296DA0D29CB60B300EE9B17 /* Tracks.swift */ = {isa = PBXFileReference; lastKnownFileType = sourcecode.swift; path = Tracks.swift; sourceTree = "<group>"; };
		0296DA7D29D4DB4F00EE9B17 /* ModuleBuilder.swift */ = {isa = PBXFileReference; lastKnownFileType = sourcecode.swift; path = ModuleBuilder.swift; sourceTree = "<group>"; };
		0296DA7F29D4DC7000EE9B17 /* MainPresenter.swift */ = {isa = PBXFileReference; lastKnownFileType = sourcecode.swift; path = MainPresenter.swift; sourceTree = "<group>"; };
		0296DA8529D4DD3000EE9B17 /* DetailViewController.swift */ = {isa = PBXFileReference; lastKnownFileType = sourcecode.swift; path = DetailViewController.swift; sourceTree = "<group>"; };
		0296DA8729D4DD7200EE9B17 /* DetailPresenter.swift */ = {isa = PBXFileReference; lastKnownFileType = sourcecode.swift; path = DetailPresenter.swift; sourceTree = "<group>"; };
/* End PBXFileReference section */

/* Begin PBXFrameworksBuildPhase section */
		0296D9BC29CB576F00EE9B17 /* Frameworks */ = {
			isa = PBXFrameworksBuildPhase;
			buildActionMask = 2147483647;
			files = (
				0296DA9E29D7886A00EE9B17 /* SnapKit in Frameworks */,
			);
			runOnlyForDeploymentPostprocessing = 0;
		};
/* End PBXFrameworksBuildPhase section */

/* Begin PBXGroup section */
		0296D9B629CB576F00EE9B17 = {
			isa = PBXGroup;
			children = (
				0296D9C129CB576F00EE9B17 /* MVP */,
				0296D9C029CB576F00EE9B17 /* Products */,
			);
			sourceTree = "<group>";
		};
		0296D9C029CB576F00EE9B17 /* Products */ = {
			isa = PBXGroup;
			children = (
				0296D9BF29CB576F00EE9B17 /* MVP.app */,
			);
			name = Products;
			sourceTree = "<group>";
		};
		0296D9C129CB576F00EE9B17 /* MVP */ = {
			isa = PBXGroup;
			children = (
				0296D9C229CB576F00EE9B17 /* AppDelegate.swift */,
				0296D9C429CB576F00EE9B17 /* SceneDelegate.swift */,
				0296DA7D29D4DB4F00EE9B17 /* ModuleBuilder.swift */,
				0296DA7C29D4DABE00EE9B17 /* MainModule */,
				0296DA8129D4DC8500EE9B17 /* DetailModule */,
				0296DA8229D4DCD500EE9B17 /* ServiceLayer */,
				0296D9C829CB576F00EE9B17 /* Main.storyboard */,
				0296D9CB29CB577000EE9B17 /* Assets.xcassets */,
				0296D9CD29CB577000EE9B17 /* LaunchScreen.storyboard */,
				0296D9D029CB577000EE9B17 /* Info.plist */,
			);
			path = MVP;
			sourceTree = "<group>";
		};
		0296DA0229CB5DAE00EE9B17 /* Model */ = {
			isa = PBXGroup;
			children = (
				0296DA0D29CB60B300EE9B17 /* Tracks.swift */,
			);
			path = Model;
			sourceTree = "<group>";
		};
		0296DA0329CB5DC100EE9B17 /* View */ = {
			isa = PBXGroup;
			children = (
				0296D9C629CB576F00EE9B17 /* MainViewController.swift */,
				0296DA0729CB5E6D00EE9B17 /* CustomCell.swift */,
			);
			path = View;
			sourceTree = "<group>";
		};
		0296DA0429CB5DCA00EE9B17 /* Presenter */ = {
			isa = PBXGroup;
			children = (
				0296DA7F29D4DC7000EE9B17 /* MainPresenter.swift */,
			);
			path = Presenter;
			sourceTree = "<group>";
		};
		0296DA7C29D4DABE00EE9B17 /* MainModule */ = {
			isa = PBXGroup;
			children = (
				0296DA0229CB5DAE00EE9B17 /* Model */,
				0296DA0329CB5DC100EE9B17 /* View */,
				0296DA0429CB5DCA00EE9B17 /* Presenter */,
			);
			path = MainModule;
			sourceTree = "<group>";
		};
		0296DA8129D4DC8500EE9B17 /* DetailModule */ = {
			isa = PBXGroup;
			children = (
				0296DA8329D4DCFA00EE9B17 /* View */,
				0296DA8429D4DD0400EE9B17 /* Presenter */,
			);
			path = DetailModule;
			sourceTree = "<group>";
		};
		0296DA8229D4DCD500EE9B17 /* ServiceLayer */ = {
			isa = PBXGroup;
			children = (
				0296DA0929CB604F00EE9B17 /* NetworkService.swift */,
			);
			path = ServiceLayer;
			sourceTree = "<group>";
		};
		0296DA8329D4DCFA00EE9B17 /* View */ = {
			isa = PBXGroup;
			children = (
				0296DA8529D4DD3000EE9B17 /* DetailViewController.swift */,
			);
			path = View;
			sourceTree = "<group>";
		};
		0296DA8429D4DD0400EE9B17 /* Presenter */ = {
			isa = PBXGroup;
			children = (
				0296DA8729D4DD7200EE9B17 /* DetailPresenter.swift */,
			);
			path = Presenter;
			sourceTree = "<group>";
		};
/* End PBXGroup section */

/* Begin PBXNativeTarget section */
		0296D9BE29CB576F00EE9B17 /* MVP */ = {
			isa = PBXNativeTarget;
			buildConfigurationList = 0296D9D329CB577000EE9B17 /* Build configuration list for PBXNativeTarget "MVP" */;
			buildPhases = (
				0296D9BB29CB576F00EE9B17 /* Sources */,
				0296D9BC29CB576F00EE9B17 /* Frameworks */,
				0296D9BD29CB576F00EE9B17 /* Resources */,
			);
			buildRules = (
			);
			dependencies = (
			);
			name = MVP;
			packageProductDependencies = (
				0296DA9D29D7886A00EE9B17 /* SnapKit */,
			);
			productName = MVP;
			productReference = 0296D9BF29CB576F00EE9B17 /* MVP.app */;
			productType = "com.apple.product-type.application";
		};
/* End PBXNativeTarget section */

/* Begin PBXProject section */
		0296D9B729CB576F00EE9B17 /* Project object */ = {
			isa = PBXProject;
			attributes = {
				BuildIndependentTargetsInParallel = 1;
				LastSwiftUpdateCheck = 1420;
				LastUpgradeCheck = 1420;
				TargetAttributes = {
					0296D9BE29CB576F00EE9B17 = {
						CreatedOnToolsVersion = 14.2;
					};
				};
			};
			buildConfigurationList = 0296D9BA29CB576F00EE9B17 /* Build configuration list for PBXProject "MVP" */;
			compatibilityVersion = "Xcode 14.0";
			developmentRegion = en;
			hasScannedForEncodings = 0;
			knownRegions = (
				en,
				Base,
			);
			mainGroup = 0296D9B629CB576F00EE9B17;
			packageReferences = (
				0296DA9C29D7886A00EE9B17 /* XCRemoteSwiftPackageReference "SnapKit" */,
			);
			productRefGroup = 0296D9C029CB576F00EE9B17 /* Products */;
			projectDirPath = "";
			projectRoot = "";
			targets = (
				0296D9BE29CB576F00EE9B17 /* MVP */,
			);
		};
/* End PBXProject section */

/* Begin PBXResourcesBuildPhase section */
		0296D9BD29CB576F00EE9B17 /* Resources */ = {
			isa = PBXResourcesBuildPhase;
			buildActionMask = 2147483647;
			files = (
				0296D9CF29CB577000EE9B17 /* LaunchScreen.storyboard in Resources */,
				0296D9CC29CB577000EE9B17 /* Assets.xcassets in Resources */,
				0296D9CA29CB576F00EE9B17 /* Main.storyboard in Resources */,
			);
			runOnlyForDeploymentPostprocessing = 0;
		};
/* End PBXResourcesBuildPhase section */

/* Begin PBXSourcesBuildPhase section */
		0296D9BB29CB576F00EE9B17 /* Sources */ = {
			isa = PBXSourcesBuildPhase;
			buildActionMask = 2147483647;
			files = (
				0296DA8629D4DD3000EE9B17 /* DetailViewController.swift in Sources */,
				0296D9C729CB576F00EE9B17 /* MainViewController.swift in Sources */,
				0296DA0829CB5E6D00EE9B17 /* CustomCell.swift in Sources */,
				0296DA8829D4DD7200EE9B17 /* DetailPresenter.swift in Sources */,
				0296DA7E29D4DB4F00EE9B17 /* ModuleBuilder.swift in Sources */,
				0296DA8029D4DC7000EE9B17 /* MainPresenter.swift in Sources */,
				0296D9C329CB576F00EE9B17 /* AppDelegate.swift in Sources */,
				0296DA0E29CB60B300EE9B17 /* Tracks.swift in Sources */,
				0296D9C529CB576F00EE9B17 /* SceneDelegate.swift in Sources */,
				0296DA0A29CB604F00EE9B17 /* NetworkService.swift in Sources */,
			);
			runOnlyForDeploymentPostprocessing = 0;
		};
/* End PBXSourcesBuildPhase section */

/* Begin PBXVariantGroup section */
		0296D9C829CB576F00EE9B17 /* Main.storyboard */ = {
			isa = PBXVariantGroup;
			children = (
				0296D9C929CB576F00EE9B17 /* Base */,
			);
			name = Main.storyboard;
			sourceTree = "<group>";
		};
		0296D9CD29CB577000EE9B17 /* LaunchScreen.storyboard */ = {
			isa = PBXVariantGroup;
			children = (
				0296D9CE29CB577000EE9B17 /* Base */,
			);
			name = LaunchScreen.storyboard;
			sourceTree = "<group>";
		};
/* End PBXVariantGroup section */

/* Begin XCBuildConfiguration section */
		0296D9D129CB577000EE9B17 /* Debug */ = {
			isa = XCBuildConfiguration;
			buildSettings = {
				ALWAYS_SEARCH_USER_PATHS = NO;
				CLANG_ANALYZER_NONNULL = YES;
				CLANG_ANALYZER_NUMBER_OBJECT_CONVERSION = YES_AGGRESSIVE;
				CLANG_CXX_LANGUAGE_STANDARD = "gnu++20";
				CLANG_ENABLE_MODULES = YES;
				CLANG_ENABLE_OBJC_ARC = YES;
				CLANG_ENABLE_OBJC_WEAK = YES;
				CLANG_WARN_BLOCK_CAPTURE_AUTORELEASING = YES;
				CLANG_WARN_BOOL_CONVERSION = YES;
				CLANG_WARN_COMMA = YES;
				CLANG_WARN_CONSTANT_CONVERSION = YES;
				CLANG_WARN_DEPRECATED_OBJC_IMPLEMENTATIONS = YES;
				CLANG_WARN_DIRECT_OBJC_ISA_USAGE = YES_ERROR;
				CLANG_WARN_DOCUMENTATION_COMMENTS = YES;
				CLANG_WARN_EMPTY_BODY = YES;
				CLANG_WARN_ENUM_CONVERSION = YES;
				CLANG_WARN_INFINITE_RECURSION = YES;
				CLANG_WARN_INT_CONVERSION = YES;
				CLANG_WARN_NON_LITERAL_NULL_CONVERSION = YES;
				CLANG_WARN_OBJC_IMPLICIT_RETAIN_SELF = YES;
				CLANG_WARN_OBJC_LITERAL_CONVERSION = YES;
				CLANG_WARN_OBJC_ROOT_CLASS = YES_ERROR;
				CLANG_WARN_QUOTED_INCLUDE_IN_FRAMEWORK_HEADER = YES;
				CLANG_WARN_RANGE_LOOP_ANALYSIS = YES;
				CLANG_WARN_STRICT_PROTOTYPES = YES;
				CLANG_WARN_SUSPICIOUS_MOVE = YES;
				CLANG_WARN_UNGUARDED_AVAILABILITY = YES_AGGRESSIVE;
				CLANG_WARN_UNREACHABLE_CODE = YES;
				CLANG_WARN__DUPLICATE_METHOD_MATCH = YES;
				COPY_PHASE_STRIP = NO;
				DEBUG_INFORMATION_FORMAT = dwarf;
				ENABLE_STRICT_OBJC_MSGSEND = YES;
				ENABLE_TESTABILITY = YES;
				GCC_C_LANGUAGE_STANDARD = gnu11;
				GCC_DYNAMIC_NO_PIC = NO;
				GCC_NO_COMMON_BLOCKS = YES;
				GCC_OPTIMIZATION_LEVEL = 0;
				GCC_PREPROCESSOR_DEFINITIONS = (
					"DEBUG=1",
					"$(inherited)",
				);
				GCC_WARN_64_TO_32_BIT_CONVERSION = YES;
				GCC_WARN_ABOUT_RETURN_TYPE = YES_ERROR;
				GCC_WARN_UNDECLARED_SELECTOR = YES;
				GCC_WARN_UNINITIALIZED_AUTOS = YES_AGGRESSIVE;
				GCC_WARN_UNUSED_FUNCTION = YES;
				GCC_WARN_UNUSED_VARIABLE = YES;
				IPHONEOS_DEPLOYMENT_TARGET = 16.2;
				MTL_ENABLE_DEBUG_INFO = INCLUDE_SOURCE;
				MTL_FAST_MATH = YES;
				ONLY_ACTIVE_ARCH = YES;
				SDKROOT = iphoneos;
				SWIFT_ACTIVE_COMPILATION_CONDITIONS = DEBUG;
				SWIFT_OPTIMIZATION_LEVEL = "-Onone";
			};
			name = Debug;
		};
		0296D9D229CB577000EE9B17 /* Release */ = {
			isa = XCBuildConfiguration;
			buildSettings = {
				ALWAYS_SEARCH_USER_PATHS = NO;
				CLANG_ANALYZER_NONNULL = YES;
				CLANG_ANALYZER_NUMBER_OBJECT_CONVERSION = YES_AGGRESSIVE;
				CLANG_CXX_LANGUAGE_STANDARD = "gnu++20";
				CLANG_ENABLE_MODULES = YES;
				CLANG_ENABLE_OBJC_ARC = YES;
				CLANG_ENABLE_OBJC_WEAK = YES;
				CLANG_WARN_BLOCK_CAPTURE_AUTORELEASING = YES;
				CLANG_WARN_BOOL_CONVERSION = YES;
				CLANG_WARN_COMMA = YES;
				CLANG_WARN_CONSTANT_CONVERSION = YES;
				CLANG_WARN_DEPRECATED_OBJC_IMPLEMENTATIONS = YES;
				CLANG_WARN_DIRECT_OBJC_ISA_USAGE = YES_ERROR;
				CLANG_WARN_DOCUMENTATION_COMMENTS = YES;
				CLANG_WARN_EMPTY_BODY = YES;
				CLANG_WARN_ENUM_CONVERSION = YES;
				CLANG_WARN_INFINITE_RECURSION = YES;
				CLANG_WARN_INT_CONVERSION = YES;
				CLANG_WARN_NON_LITERAL_NULL_CONVERSION = YES;
				CLANG_WARN_OBJC_IMPLICIT_RETAIN_SELF = YES;
				CLANG_WARN_OBJC_LITERAL_CONVERSION = YES;
				CLANG_WARN_OBJC_ROOT_CLASS = YES_ERROR;
				CLANG_WARN_QUOTED_INCLUDE_IN_FRAMEWORK_HEADER = YES;
				CLANG_WARN_RANGE_LOOP_ANALYSIS = YES;
				CLANG_WARN_STRICT_PROTOTYPES = YES;
				CLANG_WARN_SUSPICIOUS_MOVE = YES;
				CLANG_WARN_UNGUARDED_AVAILABILITY = YES_AGGRESSIVE;
				CLANG_WARN_UNREACHABLE_CODE = YES;
				CLANG_WARN__DUPLICATE_METHOD_MATCH = YES;
				COPY_PHASE_STRIP = NO;
				DEBUG_INFORMATION_FORMAT = "dwarf-with-dsym";
				ENABLE_NS_ASSERTIONS = NO;
				ENABLE_STRICT_OBJC_MSGSEND = YES;
				GCC_C_LANGUAGE_STANDARD = gnu11;
				GCC_NO_COMMON_BLOCKS = YES;
				GCC_WARN_64_TO_32_BIT_CONVERSION = YES;
				GCC_WARN_ABOUT_RETURN_TYPE = YES_ERROR;
				GCC_WARN_UNDECLARED_SELECTOR = YES;
				GCC_WARN_UNINITIALIZED_AUTOS = YES_AGGRESSIVE;
				GCC_WARN_UNUSED_FUNCTION = YES;
				GCC_WARN_UNUSED_VARIABLE = YES;
				IPHONEOS_DEPLOYMENT_TARGET = 16.2;
				MTL_ENABLE_DEBUG_INFO = NO;
				MTL_FAST_MATH = YES;
				SDKROOT = iphoneos;
				SWIFT_COMPILATION_MODE = wholemodule;
				SWIFT_OPTIMIZATION_LEVEL = "-O";
				VALIDATE_PRODUCT = YES;
			};
			name = Release;
		};
		0296D9D429CB577000EE9B17 /* Debug */ = {
			isa = XCBuildConfiguration;
			buildSettings = {
				ASSETCATALOG_COMPILER_APPICON_NAME = AppIcon;
				ASSETCATALOG_COMPILER_GLOBAL_ACCENT_COLOR_NAME = AccentColor;
				CODE_SIGN_STYLE = Automatic;
				CURRENT_PROJECT_VERSION = 1;
				DEVELOPMENT_TEAM = VFMBL3LXSP;
				GENERATE_INFOPLIST_FILE = YES;
				INFOPLIST_FILE = MVP/Info.plist;
				INFOPLIST_KEY_UIApplicationSupportsIndirectInputEvents = YES;
				INFOPLIST_KEY_UILaunchStoryboardName = LaunchScreen;
				INFOPLIST_KEY_UIMainStoryboardFile = Main;
				INFOPLIST_KEY_UISupportedInterfaceOrientations_iPad = "UIInterfaceOrientationPortrait UIInterfaceOrientationPortraitUpsideDown UIInterfaceOrientationLandscapeLeft UIInterfaceOrientationLandscapeRight";
				INFOPLIST_KEY_UISupportedInterfaceOrientations_iPhone = "UIInterfaceOrientationPortrait UIInterfaceOrientationLandscapeLeft UIInterfaceOrientationLandscapeRight";
				LD_RUNPATH_SEARCH_PATHS = (
					"$(inherited)",
					"@executable_path/Frameworks",
				);
				MARKETING_VERSION = 1.0;
				PRODUCT_BUNDLE_IDENTIFIER = SkillBox.MVP;
				PRODUCT_NAME = "$(TARGET_NAME)";
				SWIFT_EMIT_LOC_STRINGS = YES;
				SWIFT_VERSION = 5.0;
				TARGETED_DEVICE_FAMILY = "1,2";
			};
			name = Debug;
		};
		0296D9D529CB577000EE9B17 /* Release */ = {
			isa = XCBuildConfiguration;
			buildSettings = {
				ASSETCATALOG_COMPILER_APPICON_NAME = AppIcon;
				ASSETCATALOG_COMPILER_GLOBAL_ACCENT_COLOR_NAME = AccentColor;
				CODE_SIGN_STYLE = Automatic;
				CURRENT_PROJECT_VERSION = 1;
				DEVELOPMENT_TEAM = VFMBL3LXSP;
				GENERATE_INFOPLIST_FILE = YES;
				INFOPLIST_FILE = MVP/Info.plist;
				INFOPLIST_KEY_UIApplicationSupportsIndirectInputEvents = YES;
				INFOPLIST_KEY_UILaunchStoryboardName = LaunchScreen;
				INFOPLIST_KEY_UIMainStoryboardFile = Main;
				INFOPLIST_KEY_UISupportedInterfaceOrientations_iPad = "UIInterfaceOrientationPortrait UIInterfaceOrientationPortraitUpsideDown UIInterfaceOrientationLandscapeLeft UIInterfaceOrientationLandscapeRight";
				INFOPLIST_KEY_UISupportedInterfaceOrientations_iPhone = "UIInterfaceOrientationPortrait UIInterfaceOrientationLandscapeLeft UIInterfaceOrientationLandscapeRight";
				LD_RUNPATH_SEARCH_PATHS = (
					"$(inherited)",
					"@executable_path/Frameworks",
				);
				MARKETING_VERSION = 1.0;
				PRODUCT_BUNDLE_IDENTIFIER = SkillBox.MVP;
				PRODUCT_NAME = "$(TARGET_NAME)";
				SWIFT_EMIT_LOC_STRINGS = YES;
				SWIFT_VERSION = 5.0;
				TARGETED_DEVICE_FAMILY = "1,2";
			};
			name = Release;
		};
/* End XCBuildConfiguration section */

/* Begin XCConfigurationList section */
		0296D9BA29CB576F00EE9B17 /* Build configuration list for PBXProject "MVP" */ = {
			isa = XCConfigurationList;
			buildConfigurations = (
				0296D9D129CB577000EE9B17 /* Debug */,
				0296D9D229CB577000EE9B17 /* Release */,
			);
			defaultConfigurationIsVisible = 0;
			defaultConfigurationName = Release;
		};
		0296D9D329CB577000EE9B17 /* Build configuration list for PBXNativeTarget "MVP" */ = {
			isa = XCConfigurationList;
			buildConfigurations = (
				0296D9D429CB577000EE9B17 /* Debug */,
				0296D9D529CB577000EE9B17 /* Release */,
			);
			defaultConfigurationIsVisible = 0;
			defaultConfigurationName = Release;
		};
/* End XCConfigurationList section */

/* Begin XCRemoteSwiftPackageReference section */
		0296DA9C29D7886A00EE9B17 /* XCRemoteSwiftPackageReference "SnapKit" */ = {
			isa = XCRemoteSwiftPackageReference;
			repositoryURL = "https://github.com/SnapKit/SnapKit.git";
			requirement = {
				branch = develop;
				kind = branch;
			};
		};
/* End XCRemoteSwiftPackageReference section */

/* Begin XCSwiftPackageProductDependency section */
		0296DA9D29D7886A00EE9B17 /* SnapKit */ = {
			isa = XCSwiftPackageProductDependency;
			package = 0296DA9C29D7886A00EE9B17 /* XCRemoteSwiftPackageReference "SnapKit" */;
			productName = SnapKit;
		};
/* End XCSwiftPackageProductDependency section */
	};
	rootObject = 0296D9B729CB576F00EE9B17 /* Project object */;
}
