// !$*UTF8*$!
{
	archiveVersion = 1;
	classes = {
	};
	objectVersion = 56;
	objects = {

/* Begin PBXBuildFile section */
		02F3F20729A2E122003B758F /* AppDelegate.swift in Sources */ = {isa = PBXBuildFile; fileRef = 02F3F20629A2E122003B758F /* AppDelegate.swift */; };
		02F3F20929A2E122003B758F /* SceneDelegate.swift in Sources */ = {isa = PBXBuildFile; fileRef = 02F3F20829A2E122003B758F /* SceneDelegate.swift */; };
		02F3F20B29A2E122003B758F /* ViewController.swift in Sources */ = {isa = PBXBuildFile; fileRef = 02F3F20A29A2E122003B758F /* ViewController.swift */; };
		02F3F20E29A2E122003B758F /* Main.storyboard in Resources */ = {isa = PBXBuildFile; fileRef = 02F3F20C29A2E122003B758F /* Main.storyboard */; };
		02F3F21029A2E124003B758F /* Assets.xcassets in Resources */ = {isa = PBXBuildFile; fileRef = 02F3F20F29A2E124003B758F /* Assets.xcassets */; };
		02F3F21329A2E124003B758F /* LaunchScreen.storyboard in Resources */ = {isa = PBXBuildFile; fileRef = 02F3F21129A2E124003B758F /* LaunchScreen.storyboard */; };
		02F3F21C29A2E14B003B758F /* SnapKit in Frameworks */ = {isa = PBXBuildFile; productRef = 02F3F21B29A2E14B003B758F /* SnapKit */; };
		02F3F21E29A3A2DC003B758F /* MyCustomCell.swift in Sources */ = {isa = PBXBuildFile; fileRef = 02F3F21D29A3A2DC003B758F /* MyCustomCell.swift */; };
		02F3F22029A3A3F3003B758F /* SearchResponse.swift in Sources */ = {isa = PBXBuildFile; fileRef = 02F3F21F29A3A3F3003B758F /* SearchResponse.swift */; };
		02F3F22629A3A50C003B758F /* NetworkService.swift in Sources */ = {isa = PBXBuildFile; fileRef = 02F3F22529A3A50C003B758F /* NetworkService.swift */; };
		02F3F22829A3A689003B758F /* NetworkDataFetcher.swift in Sources */ = {isa = PBXBuildFile; fileRef = 02F3F22729A3A689003B758F /* NetworkDataFetcher.swift */; };
/* End PBXBuildFile section */

/* Begin PBXFileReference section */
		02F3F20329A2E122003B758F /* m18.1.networking.app */ = {isa = PBXFileReference; explicitFileType = wrapper.application; includeInIndex = 0; path = m18.1.networking.app; sourceTree = BUILT_PRODUCTS_DIR; };
		02F3F20629A2E122003B758F /* AppDelegate.swift */ = {isa = PBXFileReference; lastKnownFileType = sourcecode.swift; path = AppDelegate.swift; sourceTree = "<group>"; };
		02F3F20829A2E122003B758F /* SceneDelegate.swift */ = {isa = PBXFileReference; lastKnownFileType = sourcecode.swift; path = SceneDelegate.swift; sourceTree = "<group>"; };
		02F3F20A29A2E122003B758F /* ViewController.swift */ = {isa = PBXFileReference; lastKnownFileType = sourcecode.swift; path = ViewController.swift; sourceTree = "<group>"; };
		02F3F20D29A2E122003B758F /* Base */ = {isa = PBXFileReference; lastKnownFileType = file.storyboard; name = Base; path = Base.lproj/Main.storyboard; sourceTree = "<group>"; };
		02F3F20F29A2E124003B758F /* Assets.xcassets */ = {isa = PBXFileReference; lastKnownFileType = folder.assetcatalog; path = Assets.xcassets; sourceTree = "<group>"; };
		02F3F21229A2E124003B758F /* Base */ = {isa = PBXFileReference; lastKnownFileType = file.storyboard; name = Base; path = Base.lproj/LaunchScreen.storyboard; sourceTree = "<group>"; };
		02F3F21429A2E124003B758F /* Info.plist */ = {isa = PBXFileReference; lastKnownFileType = text.plist.xml; path = Info.plist; sourceTree = "<group>"; };
		02F3F21D29A3A2DC003B758F /* MyCustomCell.swift */ = {isa = PBXFileReference; lastKnownFileType = sourcecode.swift; path = MyCustomCell.swift; sourceTree = "<group>"; };
		02F3F21F29A3A3F3003B758F /* SearchResponse.swift */ = {isa = PBXFileReference; lastKnownFileType = sourcecode.swift; path = SearchResponse.swift; sourceTree = "<group>"; };
		02F3F22529A3A50C003B758F /* NetworkService.swift */ = {isa = PBXFileReference; lastKnownFileType = sourcecode.swift; path = NetworkService.swift; sourceTree = "<group>"; };
		02F3F22729A3A689003B758F /* NetworkDataFetcher.swift */ = {isa = PBXFileReference; lastKnownFileType = sourcecode.swift; path = NetworkDataFetcher.swift; sourceTree = "<group>"; };
/* End PBXFileReference section */

/* Begin PBXFrameworksBuildPhase section */
		02F3F20029A2E122003B758F /* Frameworks */ = {
			isa = PBXFrameworksBuildPhase;
			buildActionMask = 2147483647;
			files = (
				02F3F21C29A2E14B003B758F /* SnapKit in Frameworks */,
			);
			runOnlyForDeploymentPostprocessing = 0;
		};
/* End PBXFrameworksBuildPhase section */

/* Begin PBXGroup section */
		02F3F1FA29A2E122003B758F = {
			isa = PBXGroup;
			children = (
				02F3F20529A2E122003B758F /* m18.1.networking */,
				02F3F20429A2E122003B758F /* Products */,
			);
			sourceTree = "<group>";
		};
		02F3F20429A2E122003B758F /* Products */ = {
			isa = PBXGroup;
			children = (
				02F3F20329A2E122003B758F /* m18.1.networking.app */,
			);
			name = Products;
			sourceTree = "<group>";
		};
		02F3F20529A2E122003B758F /* m18.1.networking */ = {
			isa = PBXGroup;
			children = (
				02F3F20629A2E122003B758F /* AppDelegate.swift */,
				02F3F20829A2E122003B758F /* SceneDelegate.swift */,
				02F3F20A29A2E122003B758F /* ViewController.swift */,
				02F3F21D29A3A2DC003B758F /* MyCustomCell.swift */,
				02F3F22429A3A4D8003B758F /* Services */,
				02F3F22129A3A462003B758F /* Models */,
				02F3F20C29A2E122003B758F /* Main.storyboard */,
				02F3F20F29A2E124003B758F /* Assets.xcassets */,
				02F3F21129A2E124003B758F /* LaunchScreen.storyboard */,
				02F3F21429A2E124003B758F /* Info.plist */,
			);
			path = m18.1.networking;
			sourceTree = "<group>";
		};
		02F3F22129A3A462003B758F /* Models */ = {
			isa = PBXGroup;
			children = (
				02F3F21F29A3A3F3003B758F /* SearchResponse.swift */,
			);
			path = Models;
			sourceTree = "<group>";
		};
		02F3F22429A3A4D8003B758F /* Services */ = {
			isa = PBXGroup;
			children = (
				02F3F22529A3A50C003B758F /* NetworkService.swift */,
				02F3F22729A3A689003B758F /* NetworkDataFetcher.swift */,
			);
			path = Services;
			sourceTree = "<group>";
		};
/* End PBXGroup section */

/* Begin PBXNativeTarget section */
		02F3F20229A2E122003B758F /* m18.1.networking */ = {
			isa = PBXNativeTarget;
			buildConfigurationList = 02F3F21729A2E124003B758F /* Build configuration list for PBXNativeTarget "m18.1.networking" */;
			buildPhases = (
				02F3F1FF29A2E122003B758F /* Sources */,
				02F3F20029A2E122003B758F /* Frameworks */,
				02F3F20129A2E122003B758F /* Resources */,
			);
			buildRules = (
			);
			dependencies = (
			);
			name = m18.1.networking;
			packageProductDependencies = (
				02F3F21B29A2E14B003B758F /* SnapKit */,
			);
			productName = m18.1.networking;
			productReference = 02F3F20329A2E122003B758F /* m18.1.networking.app */;
			productType = "com.apple.product-type.application";
		};
/* End PBXNativeTarget section */

/* Begin PBXProject section */
		02F3F1FB29A2E122003B758F /* Project object */ = {
			isa = PBXProject;
			attributes = {
				BuildIndependentTargetsInParallel = 1;
				LastSwiftUpdateCheck = 1420;
				LastUpgradeCheck = 1420;
				TargetAttributes = {
					02F3F20229A2E122003B758F = {
						CreatedOnToolsVersion = 14.2;
					};
				};
			};
			buildConfigurationList = 02F3F1FE29A2E122003B758F /* Build configuration list for PBXProject "m18.1.networking" */;
			compatibilityVersion = "Xcode 14.0";
			developmentRegion = en;
			hasScannedForEncodings = 0;
			knownRegions = (
				en,
				Base,
			);
			mainGroup = 02F3F1FA29A2E122003B758F;
			packageReferences = (
				02F3F21A29A2E14B003B758F /* XCRemoteSwiftPackageReference "SnapKit" */,
			);
			productRefGroup = 02F3F20429A2E122003B758F /* Products */;
			projectDirPath = "";
			projectRoot = "";
			targets = (
				02F3F20229A2E122003B758F /* m18.1.networking */,
			);
		};
/* End PBXProject section */

/* Begin PBXResourcesBuildPhase section */
		02F3F20129A2E122003B758F /* Resources */ = {
			isa = PBXResourcesBuildPhase;
			buildActionMask = 2147483647;
			files = (
				02F3F21329A2E124003B758F /* LaunchScreen.storyboard in Resources */,
				02F3F21029A2E124003B758F /* Assets.xcassets in Resources */,
				02F3F20E29A2E122003B758F /* Main.storyboard in Resources */,
			);
			runOnlyForDeploymentPostprocessing = 0;
		};
/* End PBXResourcesBuildPhase section */

/* Begin PBXSourcesBuildPhase section */
		02F3F1FF29A2E122003B758F /* Sources */ = {
			isa = PBXSourcesBuildPhase;
			buildActionMask = 2147483647;
			files = (
				02F3F22829A3A689003B758F /* NetworkDataFetcher.swift in Sources */,
				02F3F20B29A2E122003B758F /* ViewController.swift in Sources */,
				02F3F22029A3A3F3003B758F /* SearchResponse.swift in Sources */,
				02F3F20729A2E122003B758F /* AppDelegate.swift in Sources */,
				02F3F21E29A3A2DC003B758F /* MyCustomCell.swift in Sources */,
				02F3F22629A3A50C003B758F /* NetworkService.swift in Sources */,
				02F3F20929A2E122003B758F /* SceneDelegate.swift in Sources */,
			);
			runOnlyForDeploymentPostprocessing = 0;
		};
/* End PBXSourcesBuildPhase section */

/* Begin PBXVariantGroup section */
		02F3F20C29A2E122003B758F /* Main.storyboard */ = {
			isa = PBXVariantGroup;
			children = (
				02F3F20D29A2E122003B758F /* Base */,
			);
			name = Main.storyboard;
			sourceTree = "<group>";
		};
		02F3F21129A2E124003B758F /* LaunchScreen.storyboard */ = {
			isa = PBXVariantGroup;
			children = (
				02F3F21229A2E124003B758F /* Base */,
			);
			name = LaunchScreen.storyboard;
			sourceTree = "<group>";
		};
/* End PBXVariantGroup section */

/* Begin XCBuildConfiguration section */
		02F3F21529A2E124003B758F /* Debug */ = {
			isa = XCBuildConfiguration;
			buildSettings = {
				ALWAYS_SEARCH_USER_PATHS = NO;
				CLANG_ANALYZER_NONNULL = YES;
				CLANG_ANALYZER_NUMBER_OBJECT_CONVERSION = YES_AGGRESSIVE;
				CLANG_CXX_LANGUAGE_STANDARD = "gnu++20";
				CLANG_ENABLE_MODULES = YES;
				CLANG_ENABLE_OBJC_ARC = YES;
				CLANG_ENABLE_OBJC_WEAK = YES;
				CLANG_WARN_BLOCK_CAPTURE_AUTORELEASING = YES;
				CLANG_WARN_BOOL_CONVERSION = YES;
				CLANG_WARN_COMMA = YES;
				CLANG_WARN_CONSTANT_CONVERSION = YES;
				CLANG_WARN_DEPRECATED_OBJC_IMPLEMENTATIONS = YES;
				CLANG_WARN_DIRECT_OBJC_ISA_USAGE = YES_ERROR;
				CLANG_WARN_DOCUMENTATION_COMMENTS = YES;
				CLANG_WARN_EMPTY_BODY = YES;
				CLANG_WARN_ENUM_CONVERSION = YES;
				CLANG_WARN_INFINITE_RECURSION = YES;
				CLANG_WARN_INT_CONVERSION = YES;
				CLANG_WARN_NON_LITERAL_NULL_CONVERSION = YES;
				CLANG_WARN_OBJC_IMPLICIT_RETAIN_SELF = YES;
				CLANG_WARN_OBJC_LITERAL_CONVERSION = YES;
				CLANG_WARN_OBJC_ROOT_CLASS = YES_ERROR;
				CLANG_WARN_QUOTED_INCLUDE_IN_FRAMEWORK_HEADER = YES;
				CLANG_WARN_RANGE_LOOP_ANALYSIS = YES;
				CLANG_WARN_STRICT_PROTOTYPES = YES;
				CLANG_WARN_SUSPICIOUS_MOVE = YES;
				CLANG_WARN_UNGUARDED_AVAILABILITY = YES_AGGRESSIVE;
				CLANG_WARN_UNREACHABLE_CODE = YES;
				CLANG_WARN__DUPLICATE_METHOD_MATCH = YES;
				COPY_PHASE_STRIP = NO;
				DEBUG_INFORMATION_FORMAT = dwarf;
				ENABLE_STRICT_OBJC_MSGSEND = YES;
				ENABLE_TESTABILITY = YES;
				GCC_C_LANGUAGE_STANDARD = gnu11;
				GCC_DYNAMIC_NO_PIC = NO;
				GCC_NO_COMMON_BLOCKS = YES;
				GCC_OPTIMIZATION_LEVEL = 0;
				GCC_PREPROCESSOR_DEFINITIONS = (
					"DEBUG=1",
					"$(inherited)",
				);
				GCC_WARN_64_TO_32_BIT_CONVERSION = YES;
				GCC_WARN_ABOUT_RETURN_TYPE = YES_ERROR;
				GCC_WARN_UNDECLARED_SELECTOR = YES;
				GCC_WARN_UNINITIALIZED_AUTOS = YES_AGGRESSIVE;
				GCC_WARN_UNUSED_FUNCTION = YES;
				GCC_WARN_UNUSED_VARIABLE = YES;
				IPHONEOS_DEPLOYMENT_TARGET = 16.2;
				MTL_ENABLE_DEBUG_INFO = INCLUDE_SOURCE;
				MTL_FAST_MATH = YES;
				ONLY_ACTIVE_ARCH = YES;
				SDKROOT = iphoneos;
				SWIFT_ACTIVE_COMPILATION_CONDITIONS = DEBUG;
				SWIFT_OPTIMIZATION_LEVEL = "-Onone";
			};
			name = Debug;
		};
		02F3F21629A2E124003B758F /* Release */ = {
			isa = XCBuildConfiguration;
			buildSettings = {
				ALWAYS_SEARCH_USER_PATHS = NO;
				CLANG_ANALYZER_NONNULL = YES;
				CLANG_ANALYZER_NUMBER_OBJECT_CONVERSION = YES_AGGRESSIVE;
				CLANG_CXX_LANGUAGE_STANDARD = "gnu++20";
				CLANG_ENABLE_MODULES = YES;
				CLANG_ENABLE_OBJC_ARC = YES;
				CLANG_ENABLE_OBJC_WEAK = YES;
				CLANG_WARN_BLOCK_CAPTURE_AUTORELEASING = YES;
				CLANG_WARN_BOOL_CONVERSION = YES;
				CLANG_WARN_COMMA = YES;
				CLANG_WARN_CONSTANT_CONVERSION = YES;
				CLANG_WARN_DEPRECATED_OBJC_IMPLEMENTATIONS = YES;
				CLANG_WARN_DIRECT_OBJC_ISA_USAGE = YES_ERROR;
				CLANG_WARN_DOCUMENTATION_COMMENTS = YES;
				CLANG_WARN_EMPTY_BODY = YES;
				CLANG_WARN_ENUM_CONVERSION = YES;
				CLANG_WARN_INFINITE_RECURSION = YES;
				CLANG_WARN_INT_CONVERSION = YES;
				CLANG_WARN_NON_LITERAL_NULL_CONVERSION = YES;
				CLANG_WARN_OBJC_IMPLICIT_RETAIN_SELF = YES;
				CLANG_WARN_OBJC_LITERAL_CONVERSION = YES;
				CLANG_WARN_OBJC_ROOT_CLASS = YES_ERROR;
				CLANG_WARN_QUOTED_INCLUDE_IN_FRAMEWORK_HEADER = YES;
				CLANG_WARN_RANGE_LOOP_ANALYSIS = YES;
				CLANG_WARN_STRICT_PROTOTYPES = YES;
				CLANG_WARN_SUSPICIOUS_MOVE = YES;
				CLANG_WARN_UNGUARDED_AVAILABILITY = YES_AGGRESSIVE;
				CLANG_WARN_UNREACHABLE_CODE = YES;
				CLANG_WARN__DUPLICATE_METHOD_MATCH = YES;
				COPY_PHASE_STRIP = NO;
				DEBUG_INFORMATION_FORMAT = "dwarf-with-dsym";
				ENABLE_NS_ASSERTIONS = NO;
				ENABLE_STRICT_OBJC_MSGSEND = YES;
				GCC_C_LANGUAGE_STANDARD = gnu11;
				GCC_NO_COMMON_BLOCKS = YES;
				GCC_WARN_64_TO_32_BIT_CONVERSION = YES;
				GCC_WARN_ABOUT_RETURN_TYPE = YES_ERROR;
				GCC_WARN_UNDECLARED_SELECTOR = YES;
				GCC_WARN_UNINITIALIZED_AUTOS = YES_AGGRESSIVE;
				GCC_WARN_UNUSED_FUNCTION = YES;
				GCC_WARN_UNUSED_VARIABLE = YES;
				IPHONEOS_DEPLOYMENT_TARGET = 16.2;
				MTL_ENABLE_DEBUG_INFO = NO;
				MTL_FAST_MATH = YES;
				SDKROOT = iphoneos;
				SWIFT_COMPILATION_MODE = wholemodule;
				SWIFT_OPTIMIZATION_LEVEL = "-O";
				VALIDATE_PRODUCT = YES;
			};
			name = Release;
		};
		02F3F21829A2E124003B758F /* Debug */ = {
			isa = XCBuildConfiguration;
			buildSettings = {
				ASSETCATALOG_COMPILER_APPICON_NAME = AppIcon;
				ASSETCATALOG_COMPILER_GLOBAL_ACCENT_COLOR_NAME = AccentColor;
				CODE_SIGN_STYLE = Automatic;
				CURRENT_PROJECT_VERSION = 1;
				DEVELOPMENT_TEAM = VFMBL3LXSP;
				GENERATE_INFOPLIST_FILE = YES;
				INFOPLIST_FILE = m18.1.networking/Info.plist;
				INFOPLIST_KEY_UIApplicationSupportsIndirectInputEvents = YES;
				INFOPLIST_KEY_UILaunchStoryboardName = LaunchScreen;
				INFOPLIST_KEY_UIMainStoryboardFile = Main;
				INFOPLIST_KEY_UISupportedInterfaceOrientations_iPad = "UIInterfaceOrientationPortrait UIInterfaceOrientationPortraitUpsideDown UIInterfaceOrientationLandscapeLeft UIInterfaceOrientationLandscapeRight";
				INFOPLIST_KEY_UISupportedInterfaceOrientations_iPhone = "UIInterfaceOrientationPortrait UIInterfaceOrientationLandscapeLeft UIInterfaceOrientationLandscapeRight";
				LD_RUNPATH_SEARCH_PATHS = (
					"$(inherited)",
					"@executable_path/Frameworks",
				);
				MARKETING_VERSION = 1.0;
				PRODUCT_BUNDLE_IDENTIFIER = "SkillBox.m18-1-networking";
				PRODUCT_NAME = "$(TARGET_NAME)";
				SWIFT_EMIT_LOC_STRINGS = YES;
				SWIFT_VERSION = 5.0;
				TARGETED_DEVICE_FAMILY = "1,2";
			};
			name = Debug;
		};
		02F3F21929A2E124003B758F /* Release */ = {
			isa = XCBuildConfiguration;
			buildSettings = {
				ASSETCATALOG_COMPILER_APPICON_NAME = AppIcon;
				ASSETCATALOG_COMPILER_GLOBAL_ACCENT_COLOR_NAME = AccentColor;
				CODE_SIGN_STYLE = Automatic;
				CURRENT_PROJECT_VERSION = 1;
				DEVELOPMENT_TEAM = VFMBL3LXSP;
				GENERATE_INFOPLIST_FILE = YES;
				INFOPLIST_FILE = m18.1.networking/Info.plist;
				INFOPLIST_KEY_UIApplicationSupportsIndirectInputEvents = YES;
				INFOPLIST_KEY_UILaunchStoryboardName = LaunchScreen;
				INFOPLIST_KEY_UIMainStoryboardFile = Main;
				INFOPLIST_KEY_UISupportedInterfaceOrientations_iPad = "UIInterfaceOrientationPortrait UIInterfaceOrientationPortraitUpsideDown UIInterfaceOrientationLandscapeLeft UIInterfaceOrientationLandscapeRight";
				INFOPLIST_KEY_UISupportedInterfaceOrientations_iPhone = "UIInterfaceOrientationPortrait UIInterfaceOrientationLandscapeLeft UIInterfaceOrientationLandscapeRight";
				LD_RUNPATH_SEARCH_PATHS = (
					"$(inherited)",
					"@executable_path/Frameworks",
				);
				MARKETING_VERSION = 1.0;
				PRODUCT_BUNDLE_IDENTIFIER = "SkillBox.m18-1-networking";
				PRODUCT_NAME = "$(TARGET_NAME)";
				SWIFT_EMIT_LOC_STRINGS = YES;
				SWIFT_VERSION = 5.0;
				TARGETED_DEVICE_FAMILY = "1,2";
			};
			name = Release;
		};
/* End XCBuildConfiguration section */

/* Begin XCConfigurationList section */
		02F3F1FE29A2E122003B758F /* Build configuration list for PBXProject "m18.1.networking" */ = {
			isa = XCConfigurationList;
			buildConfigurations = (
				02F3F21529A2E124003B758F /* Debug */,
				02F3F21629A2E124003B758F /* Release */,
			);
			defaultConfigurationIsVisible = 0;
			defaultConfigurationName = Release;
		};
		02F3F21729A2E124003B758F /* Build configuration list for PBXNativeTarget "m18.1.networking" */ = {
			isa = XCConfigurationList;
			buildConfigurations = (
				02F3F21829A2E124003B758F /* Debug */,
				02F3F21929A2E124003B758F /* Release */,
			);
			defaultConfigurationIsVisible = 0;
			defaultConfigurationName = Release;
		};
/* End XCConfigurationList section */

/* Begin XCRemoteSwiftPackageReference section */
		02F3F21A29A2E14B003B758F /* XCRemoteSwiftPackageReference "SnapKit" */ = {
			isa = XCRemoteSwiftPackageReference;
			repositoryURL = "https://github.com/SnapKit/SnapKit.git";
			requirement = {
				branch = develop;
				kind = branch;
			};
		};
/* End XCRemoteSwiftPackageReference section */

/* Begin XCSwiftPackageProductDependency section */
		02F3F21B29A2E14B003B758F /* SnapKit */ = {
			isa = XCSwiftPackageProductDependency;
			package = 02F3F21A29A2E14B003B758F /* XCRemoteSwiftPackageReference "SnapKit" */;
			productName = SnapKit;
		};
/* End XCSwiftPackageProductDependency section */
	};
	rootObject = 02F3F1FB29A2E122003B758F /* Project object */;
}
